{
  "name": "terbeche-take-home-project",
  "lockfileVersion": 3,
  "requires": true,
  "packages": {
    "": {
      "dependencies": {
        "@themesberg/flowbite": "^1.3.0",
        "flowbite": "^1.5.5"
      }
    },
    "node_modules/@algolia/autocomplete-core": {
      "version": "1.7.2",
      "resolved": "https://registry.npmjs.org/@algolia/autocomplete-core/-/autocomplete-core-1.7.2.tgz",
      "integrity": "sha512-eclwUDC6qfApNnEfu1uWcL/rudQsn59tjEoUYZYE2JSXZrHLRjBUGMxiCoknobU2Pva8ejb0eRxpIYDtVVqdsw==",
      "dependencies": {
        "@algolia/autocomplete-shared": "1.7.2"
      }
    },
    "node_modules/@algolia/autocomplete-preset-algolia": {
      "version": "1.7.2",
      "resolved": "https://registry.npmjs.org/@algolia/autocomplete-preset-algolia/-/autocomplete-preset-algolia-1.7.2.tgz",
      "integrity": "sha512-+RYEG6B0QiGGfRb2G3MtPfyrl0dALF3cQNTWBzBX6p5o01vCCGTTinAm2UKG3tfc2CnOMAtnPLkzNZyJUpnVJw==",
      "dependencies": {
        "@algolia/autocomplete-shared": "1.7.2"
      },
      "peerDependencies": {
        "@algolia/client-search": ">= 4.9.1 < 6",
        "algoliasearch": ">= 4.9.1 < 6"
      }
    },
    "node_modules/@algolia/autocomplete-shared": {
      "version": "1.7.2",
      "resolved": "https://registry.npmjs.org/@algolia/autocomplete-shared/-/autocomplete-shared-1.7.2.tgz",
      "integrity": "sha512-QCckjiC7xXHIUaIL3ektBtjJ0w7tTA3iqKcAE/Hjn1lZ5omp7i3Y4e09rAr9ZybqirL7AbxCLLq0Ra5DDPKeug=="
    },
    "node_modules/@algolia/cache-browser-local-storage": {
      "version": "4.14.3",
      "resolved": "https://registry.npmjs.org/@algolia/cache-browser-local-storage/-/cache-browser-local-storage-4.14.3.tgz",
      "integrity": "sha512-hWH1yCxgG3+R/xZIscmUrWAIBnmBFHH5j30fY/+aPkEZWt90wYILfAHIOZ1/Wxhho5SkPfwFmT7ooX2d9JeQBw==",
      "dependencies": {
        "@algolia/cache-common": "4.14.3"
      }
    },
    "node_modules/@algolia/cache-common": {
      "version": "4.14.3",
      "resolved": "https://registry.npmjs.org/@algolia/cache-common/-/cache-common-4.14.3.tgz",
      "integrity": "sha512-oZJofOoD9FQOwiGTzyRnmzvh3ZP8WVTNPBLH5xU5JNF7drDbRT0ocVT0h/xB2rPHYzOeXRrLaQQBwRT/CKom0Q=="
    },
    "node_modules/@algolia/cache-in-memory": {
      "version": "4.14.3",
      "resolved": "https://registry.npmjs.org/@algolia/cache-in-memory/-/cache-in-memory-4.14.3.tgz",
      "integrity": "sha512-ES0hHQnzWjeioLQf5Nq+x1AWdZJ50znNPSH3puB/Y4Xsg4Av1bvLmTJe7SY2uqONaeMTvL0OaVcoVtQgJVw0vg==",
      "dependencies": {
        "@algolia/cache-common": "4.14.3"
      }
    },
    "node_modules/@algolia/client-account": {
      "version": "4.14.3",
      "resolved": "https://registry.npmjs.org/@algolia/client-account/-/client-account-4.14.3.tgz",
      "integrity": "sha512-PBcPb0+f5Xbh5UfLZNx2Ow589OdP8WYjB4CnvupfYBrl9JyC1sdH4jcq/ri8osO/mCZYjZrQsKAPIqW/gQmizQ==",
      "dependencies": {
        "@algolia/client-common": "4.14.3",
        "@algolia/client-search": "4.14.3",
        "@algolia/transporter": "4.14.3"
      }
    },
    "node_modules/@algolia/client-analytics": {
      "version": "4.14.3",
      "resolved": "https://registry.npmjs.org/@algolia/client-analytics/-/client-analytics-4.14.3.tgz",
      "integrity": "sha512-eAwQq0Hb/aauv9NhCH5Dp3Nm29oFx28sayFN2fdOWemwSeJHIl7TmcsxVlRsO50fsD8CtPcDhtGeD3AIFLNvqw==",
      "dependencies": {
        "@algolia/client-common": "4.14.3",
        "@algolia/client-search": "4.14.3",
        "@algolia/requester-common": "4.14.3",
        "@algolia/transporter": "4.14.3"
      }
    },
    "node_modules/@algolia/client-common": {
      "version": "4.14.3",
      "resolved": "https://registry.npmjs.org/@algolia/client-common/-/client-common-4.14.3.tgz",
      "integrity": "sha512-jkPPDZdi63IK64Yg4WccdCsAP4pHxSkr4usplkUZM5C1l1oEpZXsy2c579LQ0rvwCs5JFmwfNG4ahOszidfWPw==",
      "dependencies": {
        "@algolia/requester-common": "4.14.3",
        "@algolia/transporter": "4.14.3"
      }
    },
    "node_modules/@algolia/client-personalization": {
      "version": "4.14.3",
      "resolved": "https://registry.npmjs.org/@algolia/client-personalization/-/client-personalization-4.14.3.tgz",
      "integrity": "sha512-UCX1MtkVNgaOL9f0e22x6tC9e2H3unZQlSUdnVaSKpZ+hdSChXGaRjp2UIT7pxmPqNCyv51F597KEX5WT60jNg==",
      "dependencies": {
        "@algolia/client-common": "4.14.3",
        "@algolia/requester-common": "4.14.3",
        "@algolia/transporter": "4.14.3"
      }
    },
    "node_modules/@algolia/client-search": {
      "version": "4.14.3",
      "resolved": "https://registry.npmjs.org/@algolia/client-search/-/client-search-4.14.3.tgz",
      "integrity": "sha512-I2U7xBx5OPFdPLA8AXKUPPxGY3HDxZ4r7+mlZ8ZpLbI8/ri6fnu6B4z3wcL7sgHhDYMwnAE8Xr0AB0h3Hnkp4A==",
      "dependencies": {
        "@algolia/client-common": "4.14.3",
        "@algolia/requester-common": "4.14.3",
        "@algolia/transporter": "4.14.3"
      }
    },
    "node_modules/@algolia/logger-common": {
      "version": "4.14.3",
      "resolved": "https://registry.npmjs.org/@algolia/logger-common/-/logger-common-4.14.3.tgz",
      "integrity": "sha512-kUEAZaBt/J3RjYi8MEBT2QEexJR2kAE2mtLmezsmqMQZTV502TkHCxYzTwY2dE7OKcUTxi4OFlMuS4GId9CWPw=="
    },
    "node_modules/@algolia/logger-console": {
      "version": "4.14.3",
      "resolved": "https://registry.npmjs.org/@algolia/logger-console/-/logger-console-4.14.3.tgz",
      "integrity": "sha512-ZWqAlUITktiMN2EiFpQIFCJS10N96A++yrexqC2Z+3hgF/JcKrOxOdT4nSCQoEPvU4Ki9QKbpzbebRDemZt/hw==",
      "dependencies": {
        "@algolia/logger-common": "4.14.3"
      }
    },
    "node_modules/@algolia/requester-browser-xhr": {
      "version": "4.14.3",
      "resolved": "https://registry.npmjs.org/@algolia/requester-browser-xhr/-/requester-browser-xhr-4.14.3.tgz",
      "integrity": "sha512-AZeg2T08WLUPvDncl2XLX2O67W5wIO8MNaT7z5ii5LgBTuk/rU4CikTjCe2xsUleIZeFl++QrPAi4Bdxws6r/Q==",
      "dependencies": {
        "@algolia/requester-common": "4.14.3"
      }
    },
    "node_modules/@algolia/requester-common": {
      "version": "4.14.3",
      "resolved": "https://registry.npmjs.org/@algolia/requester-common/-/requester-common-4.14.3.tgz",
      "integrity": "sha512-RrRzqNyKFDP7IkTuV3XvYGF9cDPn9h6qEDl595lXva3YUk9YSS8+MGZnnkOMHvjkrSCKfoLeLbm/T4tmoIeclw=="
    },
    "node_modules/@algolia/requester-node-http": {
      "version": "4.14.3",
      "resolved": "https://registry.npmjs.org/@algolia/requester-node-http/-/requester-node-http-4.14.3.tgz",
      "integrity": "sha512-O5wnPxtDRPuW2U0EaOz9rMMWdlhwP0J0eSL1Z7TtXF8xnUeeUyNJrdhV5uy2CAp6RbhM1VuC3sOJcIR6Av+vbA==",
      "dependencies": {
        "@algolia/requester-common": "4.14.3"
      }
    },
    "node_modules/@algolia/transporter": {
      "version": "4.14.3",
      "resolved": "https://registry.npmjs.org/@algolia/transporter/-/transporter-4.14.3.tgz",
      "integrity": "sha512-2qlKlKsnGJ008exFRb5RTeTOqhLZj0bkMCMVskxoqWejs2Q2QtWmsiH98hDfpw0fmnyhzHEt0Z7lqxBYp8bW2w==",
      "dependencies": {
        "@algolia/cache-common": "4.14.3",
        "@algolia/logger-common": "4.14.3",
        "@algolia/requester-common": "4.14.3"
      }
    },
    "node_modules/@docsearch/css": {
      "version": "3.3.0",
      "resolved": "https://registry.npmjs.org/@docsearch/css/-/css-3.3.0.tgz",
      "integrity": "sha512-rODCdDtGyudLj+Va8b6w6Y85KE85bXRsps/R4Yjwt5vueXKXZQKYw0aA9knxLBT6a/bI/GMrAcmCR75KYOM6hg=="
    },
    "node_modules/@docsearch/js": {
      "version": "3.3.0",
      "resolved": "https://registry.npmjs.org/@docsearch/js/-/js-3.3.0.tgz",
      "integrity": "sha512-oFXWRPNvPxAzBhnFJ9UCFIYZiQNc3Yrv6912nZHw/UIGxsyzKpNRZgHq8HDk1niYmOSoLKtVFcxkccpQmYGFyg==",
      "dependencies": {
        "@docsearch/react": "3.3.0",
        "preact": "^10.0.0"
      }
    },
    "node_modules/@docsearch/react": {
      "version": "3.3.0",
      "resolved": "https://registry.npmjs.org/@docsearch/react/-/react-3.3.0.tgz",
      "integrity": "sha512-fhS5adZkae2SSdMYEMVg6pxI5a/cE+tW16ki1V0/ur4Fdok3hBRkmN/H8VvlXnxzggkQIIRIVvYPn00JPjen3A==",
      "dependencies": {
        "@algolia/autocomplete-core": "1.7.2",
        "@algolia/autocomplete-preset-algolia": "1.7.2",
        "@docsearch/css": "3.3.0",
        "algoliasearch": "^4.0.0"
      },
      "peerDependencies": {
        "@types/react": ">= 16.8.0 < 19.0.0",
        "react": ">= 16.8.0 < 19.0.0",
        "react-dom": ">= 16.8.0 < 19.0.0"
      },
      "peerDependenciesMeta": {
        "@types/react": {
          "optional": true
        },
        "react": {
          "optional": true
        },
        "react-dom": {
          "optional": true
        }
      }
    },
    "node_modules/@popperjs/core": {
      "version": "2.11.6",
      "resolved": "https://registry.npmjs.org/@popperjs/core/-/core-2.11.6.tgz",
      "integrity": "sha512-50/17A98tWUfQ176raKiOGXuYpLyyVMkxxG6oylzL3BPOlA6ADGdK7EYunSa4I064xerltq9TGXs8HmOk5E+vw==",
      "funding": {
        "type": "opencollective",
        "url": "https://opencollective.com/popperjs"
      }
    },
    "node_modules/@themesberg/flowbite": {
      "version": "1.3.0",
      "resolved": "https://registry.npmjs.org/@themesberg/flowbite/-/flowbite-1.3.0.tgz",
      "integrity": "sha512-Tyrk2bbmhuzYK/3DwO6L7oSkMVil/VMiFpy6lFLoz3oD0lwCJhX3NhtNuzgveIX4l9zZ5GxYqKlp2BOzY+LiMQ==",
      "deprecated": "WARNING: This project has been renamed to flowbite. Install using flowbite instead.",
      "dependencies": {
        "@docsearch/js": "^3.0.0-alpha.42",
        "@popperjs/core": "^2.9.3",
        "mini-svg-data-uri": "^1.4.3"
      }
    },
    "node_modules/algoliasearch": {
      "version": "4.14.3",
      "resolved": "https://registry.npmjs.org/algoliasearch/-/algoliasearch-4.14.3.tgz",
      "integrity": "sha512-GZTEuxzfWbP/vr7ZJfGzIl8fOsoxN916Z6FY2Egc9q2TmZ6hvq5KfAxY89pPW01oW/2HDEKA8d30f9iAH9eXYg==",
      "dependencies": {
        "@algolia/cache-browser-local-storage": "4.14.3",
        "@algolia/cache-common": "4.14.3",
        "@algolia/cache-in-memory": "4.14.3",
        "@algolia/client-account": "4.14.3",
        "@algolia/client-analytics": "4.14.3",
        "@algolia/client-common": "4.14.3",
        "@algolia/client-personalization": "4.14.3",
        "@algolia/client-search": "4.14.3",
        "@algolia/logger-common": "4.14.3",
        "@algolia/logger-console": "4.14.3",
        "@algolia/requester-browser-xhr": "4.14.3",
        "@algolia/requester-common": "4.14.3",
        "@algolia/requester-node-http": "4.14.3",
        "@algolia/transporter": "4.14.3"
      }
    },
    "node_modules/flowbite": {
      "version": "1.5.5",
      "resolved": "https://registry.npmjs.org/flowbite/-/flowbite-1.5.5.tgz",
      "integrity": "sha512-LWJteH6zO+6BrnerH6GEU9OFpjWmkCWi9BD3XnJdBOVevNnt7u8gW+S+4keqD5OGpHu+QU860pLzNKeNlhlf6g==",
      "dependencies": {
        "@popperjs/core": "^2.9.3",
        "mini-svg-data-uri": "^1.4.3"
      }
    },
    "node_modules/mini-svg-data-uri": {
      "version": "1.4.4",
      "resolved": "https://registry.npmjs.org/mini-svg-data-uri/-/mini-svg-data-uri-1.4.4.tgz",
      "integrity": "sha512-r9deDe9p5FJUPZAk3A59wGH7Ii9YrjjWw0jmw/liSbHl2CHiyXj6FcDXDu2K3TjVAXqiJdaw3xxwlZZr9E6nHg==",
      "bin": {
        "mini-svg-data-uri": "cli.js"
      }
    },
    "node_modules/preact": {
      "version": "10.11.3",
      "resolved": "https://registry.npmjs.org/preact/-/preact-10.11.3.tgz",
      "integrity": "sha512-eY93IVpod/zG3uMF22Unl8h9KkrcKIRs2EGar8hwLZZDU1lkjph303V9HZBwufh2s736U6VXuhD109LYqPoffg==",
      "funding": {
        "type": "opencollective",
        "url": "https://opencollective.com/preact"
      }
    }
  }
}
